
Microsoft Visual Studio Solution File, Format Version 12.00
# Visual Studio Version 16
VisualStudioVersion = 16.0.31702.278
MinimumVisualStudioVersion = 10.0.40219.1
Project("{FAE04EC0-301F-11D3-BF4B-00C04F79EFBC}") = "Project-2", "Project-2.csproj", "{768483EE-05A3-4469-9E09-89DBEED4996D}"
EndProject
Global
	GlobalSection(SolutionConfigurationPlatforms) = preSolution
		Debug|Any CPU = Debug|Any CPU
		Release|Any CPU = Release|Any CPU
	EndGlobalSection
	GlobalSection(ProjectConfigurationPlatforms) = postSolution
		{768483EE-05A3-4469-9E09-89DBEED4996D}.Debug|Any CPU.ActiveCfg = Debug|Any CPU
		{768483EE-05A3-4469-9E09-89DBEED4996D}.Debug|Any CPU.Build.0 = Debug|Any CPU
		{768483EE-05A3-4469-9E09-89DBEED4996D}.Release|Any CPU.ActiveCfg = Release|Any CPU
		{768483EE-05A3-4469-9E09-89DBEED4996D}.Release|Any CPU.Build.0 = Release|Any CPU
	EndGlobalSection
	GlobalSection(SolutionProperties) = preSolution
		HideSolutionNode = FALSE
	EndGlobalSection
	GlobalSection(ExtensibilityGlobals) = postSolution
		SolutionGuid = {C59E2C65-FD0F-4D34-B7A8-75355DB282FB}
	EndGlobalSection
EndGlobal
